
Microsoft Visual Studio Solution File, Format Version 12.00
# Visual Studio 15
Project("{FAE04EC0-301F-11D3-BF4B-00C04F79EFBC}") = "Assembly-CSharp-Editor", "Assembly-CSharp-Editor.csproj", "{9978289D-02E1-CB33-EC68-DD6DB2AFAF3A}"
EndProject
Project("{FAE04EC0-301F-11D3-BF4B-00C04F79EFBC}") = "Assembly-CSharp", "Assembly-CSharp.csproj", "{0CEEF694-31F8-A3A9-EC88-205D1830F740}"
EndProject
Global
	GlobalSection(SolutionConfigurationPlatforms) = preSolution
		Debug|Any CPU = Debug|Any CPU
		Release|Any CPU = Release|Any CPU
	EndGlobalSection
	GlobalSection(ProjectConfigurationPlatforms) = postSolution
		{9978289D-02E1-CB33-EC68-DD6DB2AFAF3A}.Debug|Any CPU.ActiveCfg = Debug|Any CPU
		{9978289D-02E1-CB33-EC68-DD6DB2AFAF3A}.Debug|Any CPU.Build.0 = Debug|Any CPU
		{9978289D-02E1-CB33-EC68-DD6DB2AFAF3A}.Release|Any CPU.ActiveCfg = Release|Any CPU
		{9978289D-02E1-CB33-EC68-DD6DB2AFAF3A}.Release|Any CPU.Build.0 = Release|Any CPU
		{0CEEF694-31F8-A3A9-EC88-205D1830F740}.Debug|Any CPU.ActiveCfg = Debug|Any CPU
		{0CEEF694-31F8-A3A9-EC88-205D1830F740}.Debug|Any CPU.Build.0 = Debug|Any CPU
		{0CEEF694-31F8-A3A9-EC88-205D1830F740}.Release|Any CPU.ActiveCfg = Release|Any CPU
		{0CEEF694-31F8-A3A9-EC88-205D1830F740}.Release|Any CPU.Build.0 = Release|Any CPU
	EndGlobalSection
	GlobalSection(SolutionProperties) = preSolution
		HideSolutionNode = FALSE
	EndGlobalSection
EndGlobal
